
Microsoft Visual Studio Solution File, Format Version 12.00
# Visual Studio Version 17
VisualStudioVersion = 17.5.33627.172
MinimumVisualStudioVersion = 10.0.40219.1
Project("{FAE04EC0-301F-11D3-BF4B-00C04F79EFBC}") = "Entity", "Entity\Entity.csproj", "{24A8DA2E-FDD2-4BC6-9F7B-FEFE154B0302}"
EndProject
Project("{FAE04EC0-301F-11D3-BF4B-00C04F79EFBC}") = "DataAccess", "DataAccess\DataAccess.csproj", "{096F6B13-D584-469A-A602-E2D96ED06BC5}"
EndProject
Project("{FAE04EC0-301F-11D3-BF4B-00C04F79EFBC}") = "Business", "Business\Business.csproj", "{F3109660-A308-443D-A18E-94DD44208239}"
EndProject
Project("{FAE04EC0-301F-11D3-BF4B-00C04F79EFBC}") = "Dto's", "Dto's\Dto's.csproj", "{025DFAB5-6796-4801-9129-EAEDD026654D}"
EndProject
Project("{FAE04EC0-301F-11D3-BF4B-00C04F79EFBC}") = "WebAPI", "WebAPI\WebAPI.csproj", "{CA86D841-A732-4B92-8BE3-5D2ACBC12BA1}"
EndProject
Global
	GlobalSection(SolutionConfigurationPlatforms) = preSolution
		Debug|Any CPU = Debug|Any CPU
		Release|Any CPU = Release|Any CPU
	EndGlobalSection
	GlobalSection(ProjectConfigurationPlatforms) = postSolution
		{24A8DA2E-FDD2-4BC6-9F7B-FEFE154B0302}.Debug|Any CPU.ActiveCfg = Debug|Any CPU
		{24A8DA2E-FDD2-4BC6-9F7B-FEFE154B0302}.Debug|Any CPU.Build.0 = Debug|Any CPU
		{24A8DA2E-FDD2-4BC6-9F7B-FEFE154B0302}.Release|Any CPU.ActiveCfg = Release|Any CPU
		{24A8DA2E-FDD2-4BC6-9F7B-FEFE154B0302}.Release|Any CPU.Build.0 = Release|Any CPU
		{096F6B13-D584-469A-A602-E2D96ED06BC5}.Debug|Any CPU.ActiveCfg = Debug|Any CPU
		{096F6B13-D584-469A-A602-E2D96ED06BC5}.Debug|Any CPU.Build.0 = Debug|Any CPU
		{096F6B13-D584-469A-A602-E2D96ED06BC5}.Release|Any CPU.ActiveCfg = Release|Any CPU
		{096F6B13-D584-469A-A602-E2D96ED06BC5}.Release|Any CPU.Build.0 = Release|Any CPU
		{F3109660-A308-443D-A18E-94DD44208239}.Debug|Any CPU.ActiveCfg = Debug|Any CPU
		{F3109660-A308-443D-A18E-94DD44208239}.Debug|Any CPU.Build.0 = Debug|Any CPU
		{F3109660-A308-443D-A18E-94DD44208239}.Release|Any CPU.ActiveCfg = Release|Any CPU
		{F3109660-A308-443D-A18E-94DD44208239}.Release|Any CPU.Build.0 = Release|Any CPU
		{025DFAB5-6796-4801-9129-EAEDD026654D}.Debug|Any CPU.ActiveCfg = Debug|Any CPU
		{025DFAB5-6796-4801-9129-EAEDD026654D}.Debug|Any CPU.Build.0 = Debug|Any CPU
		{025DFAB5-6796-4801-9129-EAEDD026654D}.Release|Any CPU.ActiveCfg = Release|Any CPU
		{025DFAB5-6796-4801-9129-EAEDD026654D}.Release|Any CPU.Build.0 = Release|Any CPU
		{CA86D841-A732-4B92-8BE3-5D2ACBC12BA1}.Debug|Any CPU.ActiveCfg = Debug|Any CPU
		{CA86D841-A732-4B92-8BE3-5D2ACBC12BA1}.Debug|Any CPU.Build.0 = Debug|Any CPU
		{CA86D841-A732-4B92-8BE3-5D2ACBC12BA1}.Release|Any CPU.ActiveCfg = Release|Any CPU
		{CA86D841-A732-4B92-8BE3-5D2ACBC12BA1}.Release|Any CPU.Build.0 = Release|Any CPU
	EndGlobalSection
	GlobalSection(SolutionProperties) = preSolution
		HideSolutionNode = FALSE
	EndGlobalSection
	GlobalSection(ExtensibilityGlobals) = postSolution
		SolutionGuid = {4DB80466-6575-4A5F-A2F5-4C37A2824FC0}
	EndGlobalSection
EndGlobal
